
Microsoft Visual Studio Solution File, Format Version 12.00
# Visual Studio Version 16
VisualStudioVersion = 16.0.30907.101
MinimumVisualStudioVersion = 10.0.40219.1
Project("{9A19103F-16F7-4668-BE54-9A1E7A4F7556}") = "GildedRose.App", "GildedRose.App/GildedRose.App.csproj", "{CDDD77A9-5AD0-4894-8141-EEEAF1337F1E}"
EndProject
Global
	GlobalSection(SolutionConfigurationPlatforms) = preSolution
		Debug|Any CPU = Debug|Any CPU
		Release|Any CPU = Release|Any CPU
	EndGlobalSection
	GlobalSection(ProjectConfigurationPlatforms) = postSolution
		{CDDD77A9-5AD0-4894-8141-EEEAF1337F1E}.Debug|Any CPU.ActiveCfg = Debug|Any CPU
		{CDDD77A9-5AD0-4894-8141-EEEAF1337F1E}.Debug|Any CPU.Build.0 = Debug|Any CPU
		{CDDD77A9-5AD0-4894-8141-EEEAF1337F1E}.Release|Any CPU.ActiveCfg = Release|Any CPU
		{CDDD77A9-5AD0-4894-8141-EEEAF1337F1E}.Release|Any CPU.Build.0 = Release|Any CPU
	EndGlobalSection
	GlobalSection(SolutionProperties) = preSolution
		HideSolutionNode = FALSE
	EndGlobalSection
	GlobalSection(ExtensibilityGlobals) = postSolution
		SolutionGuid = {E0A62745-DD2C-49F5-9294-523901D4203C}
	EndGlobalSection
EndGlobal
